
Microsoft Visual Studio Solution File, Format Version 12.00
# Visual Studio 15
VisualStudioVersion = 15.0.28307.421
MinimumVisualStudioVersion = 10.0.40219.1
Project("{2150E333-8FDC-42A3-9474-1A3956D46DE8}") = "Car Rental BC", "Car Rental BC", "{149CD097-DE3F-46F1-BA61-064058F9C660}"
EndProject
Project("{2150E333-8FDC-42A3-9474-1A3956D46DE8}") = "1 - Api", "1 - Api", "{43397D02-BF03-46F8-B787-9FE6E3351454}"
EndProject
Project("{2150E333-8FDC-42A3-9474-1A3956D46DE8}") = "2 - Application", "2 - Application", "{C94F1936-252B-40B0-AD1D-54AC530AA45F}"
EndProject
Project("{9A19103F-16F7-4668-BE54-9A1E7A4F7556}") = "CarRental.Api", "CarRental.Api\CarRental.Api.csproj", "{DF896182-C6DA-4782-9C9B-B5E64DC249DF}"
EndProject
Project("{2150E333-8FDC-42A3-9474-1A3956D46DE8}") = "3 - Domain", "3 - Domain", "{46F6B951-F1E6-4502-A6D9-98B97C40FF3B}"
EndProject
Project("{2150E333-8FDC-42A3-9474-1A3956D46DE8}") = "4 - Infrastructure", "4 - Infrastructure", "{D2B772FA-A539-4468-9644-9A92C6CAD5D1}"
EndProject
Project("{9A19103F-16F7-4668-BE54-9A1E7A4F7556}") = "CarRental.Application", "CarRental.Application\CarRental.Application.csproj", "{DED8292B-58AC-42DA-9287-E37041B35868}"
EndProject
Project("{9A19103F-16F7-4668-BE54-9A1E7A4F7556}") = "CarRental.Domain", "CarRental.Domain\CarRental.Domain.csproj", "{EC568CFA-B74B-403B-A837-3D461032B5FC}"
EndProject
Project("{9A19103F-16F7-4668-BE54-9A1E7A4F7556}") = "CarRental.Data", "CarRental.Data\CarRental.Data.csproj", "{68B07A71-2767-4986-8D3F-A33F2E5E1982}"
EndProject
Project("{9A19103F-16F7-4668-BE54-9A1E7A4F7556}") = "CarRental.Identity.Data", "CarRental.Identity.Data\CarRental.Identity.Data.csproj", "{98FCB00A-B4A4-4357-9159-0EF506F2A261}"
EndProject
Project("{9A19103F-16F7-4668-BE54-9A1E7A4F7556}") = "CarRental.Identity.Data.Tests", "CarRental.Identity.Data.Tests\CarRental.Identity.Data.Tests.csproj", "{DDBAD7CB-CCD3-4965-A580-0774C9830958}"
EndProject
Project("{9A19103F-16F7-4668-BE54-9A1E7A4F7556}") = "CarRental.Tests", "CarRental.Tests\CarRental.Tests.csproj", "{FC365503-038A-4F2C-94A5-917CDCAEB441}"
EndProject
Project("{9A19103F-16F7-4668-BE54-9A1E7A4F7556}") = "CarRental.Data.Tests", "CarRental.Data.Tests\CarRental.Data.Tests.csproj", "{E931D8D5-FDA1-4468-8740-345143CC940B}"
EndProject
Project("{9A19103F-16F7-4668-BE54-9A1E7A4F7556}") = "CarRental.Api.Tests", "CarRental.Api.Tests\CarRental.Api.Tests.csproj", "{28AE97AA-E059-4E94-A991-387ADF60FA22}"
EndProject
Project("{FAE04EC0-301F-11D3-BF4B-00C04F79EFBC}") = "CarRental.Data.MySql", "CarRental.Data.MySql\CarRental.Data.MySql.csproj", "{CA432F4B-16B0-42CA-BA1D-5304EF8A8232}"
EndProject
Project("{FAE04EC0-301F-11D3-BF4B-00C04F79EFBC}") = "CarRental.ReadModel", "CarRental.ReadModel\CarRental.ReadModel.csproj", "{1F381130-A88B-46D9-97A6-632C5271EB9F}"
EndProject
Global
	GlobalSection(SolutionConfigurationPlatforms) = preSolution
		Debug|Any CPU = Debug|Any CPU
		Release|Any CPU = Release|Any CPU
	EndGlobalSection
	GlobalSection(ProjectConfigurationPlatforms) = postSolution
		{DF896182-C6DA-4782-9C9B-B5E64DC249DF}.Debug|Any CPU.ActiveCfg = Debug|Any CPU
		{DF896182-C6DA-4782-9C9B-B5E64DC249DF}.Debug|Any CPU.Build.0 = Debug|Any CPU
		{DF896182-C6DA-4782-9C9B-B5E64DC249DF}.Release|Any CPU.ActiveCfg = Release|Any CPU
		{DF896182-C6DA-4782-9C9B-B5E64DC249DF}.Release|Any CPU.Build.0 = Release|Any CPU
		{DED8292B-58AC-42DA-9287-E37041B35868}.Debug|Any CPU.ActiveCfg = Debug|Any CPU
		{DED8292B-58AC-42DA-9287-E37041B35868}.Debug|Any CPU.Build.0 = Debug|Any CPU
		{DED8292B-58AC-42DA-9287-E37041B35868}.Release|Any CPU.ActiveCfg = Release|Any CPU
		{DED8292B-58AC-42DA-9287-E37041B35868}.Release|Any CPU.Build.0 = Release|Any CPU
		{EC568CFA-B74B-403B-A837-3D461032B5FC}.Debug|Any CPU.ActiveCfg = Debug|Any CPU
		{EC568CFA-B74B-403B-A837-3D461032B5FC}.Debug|Any CPU.Build.0 = Debug|Any CPU
		{EC568CFA-B74B-403B-A837-3D461032B5FC}.Release|Any CPU.ActiveCfg = Release|Any CPU
		{EC568CFA-B74B-403B-A837-3D461032B5FC}.Release|Any CPU.Build.0 = Release|Any CPU
		{68B07A71-2767-4986-8D3F-A33F2E5E1982}.Debug|Any CPU.ActiveCfg = Debug|Any CPU
		{68B07A71-2767-4986-8D3F-A33F2E5E1982}.Debug|Any CPU.Build.0 = Debug|Any CPU
		{68B07A71-2767-4986-8D3F-A33F2E5E1982}.Release|Any CPU.ActiveCfg = Release|Any CPU
		{68B07A71-2767-4986-8D3F-A33F2E5E1982}.Release|Any CPU.Build.0 = Release|Any CPU
		{98FCB00A-B4A4-4357-9159-0EF506F2A261}.Debug|Any CPU.ActiveCfg = Debug|Any CPU
		{98FCB00A-B4A4-4357-9159-0EF506F2A261}.Debug|Any CPU.Build.0 = Debug|Any CPU
		{98FCB00A-B4A4-4357-9159-0EF506F2A261}.Release|Any CPU.ActiveCfg = Release|Any CPU
		{98FCB00A-B4A4-4357-9159-0EF506F2A261}.Release|Any CPU.Build.0 = Release|Any CPU
		{DDBAD7CB-CCD3-4965-A580-0774C9830958}.Debug|Any CPU.ActiveCfg = Debug|Any CPU
		{DDBAD7CB-CCD3-4965-A580-0774C9830958}.Debug|Any CPU.Build.0 = Debug|Any CPU
		{DDBAD7CB-CCD3-4965-A580-0774C9830958}.Release|Any CPU.ActiveCfg = Release|Any CPU
		{DDBAD7CB-CCD3-4965-A580-0774C9830958}.Release|Any CPU.Build.0 = Release|Any CPU
		{FC365503-038A-4F2C-94A5-917CDCAEB441}.Debug|Any CPU.ActiveCfg = Debug|Any CPU
		{FC365503-038A-4F2C-94A5-917CDCAEB441}.Debug|Any CPU.Build.0 = Debug|Any CPU
		{FC365503-038A-4F2C-94A5-917CDCAEB441}.Release|Any CPU.ActiveCfg = Release|Any CPU
		{FC365503-038A-4F2C-94A5-917CDCAEB441}.Release|Any CPU.Build.0 = Release|Any CPU
		{E931D8D5-FDA1-4468-8740-345143CC940B}.Debug|Any CPU.ActiveCfg = Debug|Any CPU
		{E931D8D5-FDA1-4468-8740-345143CC940B}.Debug|Any CPU.Build.0 = Debug|Any CPU
		{E931D8D5-FDA1-4468-8740-345143CC940B}.Release|Any CPU.ActiveCfg = Release|Any CPU
		{E931D8D5-FDA1-4468-8740-345143CC940B}.Release|Any CPU.Build.0 = Release|Any CPU
		{28AE97AA-E059-4E94-A991-387ADF60FA22}.Debug|Any CPU.ActiveCfg = Debug|Any CPU
		{28AE97AA-E059-4E94-A991-387ADF60FA22}.Debug|Any CPU.Build.0 = Debug|Any CPU
		{28AE97AA-E059-4E94-A991-387ADF60FA22}.Release|Any CPU.ActiveCfg = Release|Any CPU
		{28AE97AA-E059-4E94-A991-387ADF60FA22}.Release|Any CPU.Build.0 = Release|Any CPU
		{CA432F4B-16B0-42CA-BA1D-5304EF8A8232}.Debug|Any CPU.ActiveCfg = Debug|Any CPU
		{CA432F4B-16B0-42CA-BA1D-5304EF8A8232}.Debug|Any CPU.Build.0 = Debug|Any CPU
		{CA432F4B-16B0-42CA-BA1D-5304EF8A8232}.Release|Any CPU.ActiveCfg = Release|Any CPU
		{CA432F4B-16B0-42CA-BA1D-5304EF8A8232}.Release|Any CPU.Build.0 = Release|Any CPU
		{1F381130-A88B-46D9-97A6-632C5271EB9F}.Debug|Any CPU.ActiveCfg = Debug|Any CPU
		{1F381130-A88B-46D9-97A6-632C5271EB9F}.Debug|Any CPU.Build.0 = Debug|Any CPU
		{1F381130-A88B-46D9-97A6-632C5271EB9F}.Release|Any CPU.ActiveCfg = Release|Any CPU
		{1F381130-A88B-46D9-97A6-632C5271EB9F}.Release|Any CPU.Build.0 = Release|Any CPU
	EndGlobalSection
	GlobalSection(SolutionProperties) = preSolution
		HideSolutionNode = FALSE
	EndGlobalSection
	GlobalSection(NestedProjects) = preSolution
		{43397D02-BF03-46F8-B787-9FE6E3351454} = {149CD097-DE3F-46F1-BA61-064058F9C660}
		{C94F1936-252B-40B0-AD1D-54AC530AA45F} = {149CD097-DE3F-46F1-BA61-064058F9C660}
		{DF896182-C6DA-4782-9C9B-B5E64DC249DF} = {43397D02-BF03-46F8-B787-9FE6E3351454}
		{46F6B951-F1E6-4502-A6D9-98B97C40FF3B} = {149CD097-DE3F-46F1-BA61-064058F9C660}
		{D2B772FA-A539-4468-9644-9A92C6CAD5D1} = {149CD097-DE3F-46F1-BA61-064058F9C660}
		{DED8292B-58AC-42DA-9287-E37041B35868} = {C94F1936-252B-40B0-AD1D-54AC530AA45F}
		{EC568CFA-B74B-403B-A837-3D461032B5FC} = {46F6B951-F1E6-4502-A6D9-98B97C40FF3B}
		{68B07A71-2767-4986-8D3F-A33F2E5E1982} = {D2B772FA-A539-4468-9644-9A92C6CAD5D1}
		{98FCB00A-B4A4-4357-9159-0EF506F2A261} = {D2B772FA-A539-4468-9644-9A92C6CAD5D1}
		{DDBAD7CB-CCD3-4965-A580-0774C9830958} = {D2B772FA-A539-4468-9644-9A92C6CAD5D1}
		{FC365503-038A-4F2C-94A5-917CDCAEB441} = {149CD097-DE3F-46F1-BA61-064058F9C660}
		{E931D8D5-FDA1-4468-8740-345143CC940B} = {D2B772FA-A539-4468-9644-9A92C6CAD5D1}
		{28AE97AA-E059-4E94-A991-387ADF60FA22} = {43397D02-BF03-46F8-B787-9FE6E3351454}
		{CA432F4B-16B0-42CA-BA1D-5304EF8A8232} = {D2B772FA-A539-4468-9644-9A92C6CAD5D1}
		{1F381130-A88B-46D9-97A6-632C5271EB9F} = {43397D02-BF03-46F8-B787-9FE6E3351454}
	EndGlobalSection
	GlobalSection(ExtensibilityGlobals) = postSolution
		SolutionGuid = {9FAFBF78-6B59-4367-9C30-74318F108196}
	EndGlobalSection
EndGlobal
